---
lockfileVersion: 1
lockfileVendor: redhat
arches:
- arch: aarch64
  packages:
  - url: https://cdn-ubi.redhat.com/content/public/ubi/dist/ubi9/9/aarch64/baseos/os/Packages/b/basesystem-11-13.el9.noarch.rpm
    repoid: ubi-9-for-aarch64-baseos-rpms
    size: 8229
    checksum: sha256:f498b0813fa1a825d550e8e3a9e42255eabfa18e6fc96adfc6cc8fa7e16dd513
    name: basesystem
    evr: 11-13.el9
    sourcerpm: basesystem-11-13.el9.src.rpm
  - url: https://cdn-ubi.redhat.com/content/public/ubi/dist/ubi9/9/aarch64/baseos/os/Packages/b/bash-5.1.8-9.el9.aarch64.rpm
    repoid: ubi-9-for-aarch64-baseos-rpms
    size: 1760045
    checksum: sha256:7dc1febec9c2fb184ed4407f8a188ab267b7e46b3534866f702c6266008ababa
    name: bash
    evr: 5.1.8-9.el9
    sourcerpm: bash-5.1.8-9.el9.src.rpm
  - url: https://cdn-ubi.redhat.com/content/public/ubi/dist/ubi9/9/aarch64/baseos/os/Packages/f/filesystem-3.16-5.el9.aarch64.rpm
    repoid: ubi-9-for-aarch64-baseos-rpms
    size: 5003914
    checksum: sha256:484bc41109c49066cf350344150abe144e63263e0fafa0bf12c5a47f853e6a49
    name: filesystem
    evr: 3.16-5.el9
    sourcerpm: filesystem-3.16-5.el9.src.rpm
  - url: https://cdn-ubi.redhat.com/content/public/ubi/dist/ubi9/9/aarch64/baseos/os/Packages/g/gettext-0.21-8.el9.aarch64.rpm
    repoid: ubi-9-for-aarch64-baseos-rpms
    size: 1181385
    checksum: sha256:52f11ec908a17fedbf993ffd87f40f27067761440c433b0d0fd38f16b8d15ec4
    name: gettext
    evr: 0.21-8.el9
    sourcerpm: gettext-0.21-8.el9.src.rpm
  - url: https://cdn-ubi.redhat.com/content/public/ubi/dist/ubi9/9/aarch64/baseos/os/Packages/g/gettext-libs-0.21-8.el9.aarch64.rpm
    repoid: ubi-9-for-aarch64-baseos-rpms
    size: 295874
    checksum: sha256:b503ae5eaa875c8936ac6c28dec058d0febc6ce072c0046028bc471a37607f6a
    name: gettext-libs
    evr: 0.21-8.el9
    sourcerpm: gettext-0.21-8.el9.src.rpm
  - url: https://cdn-ubi.redhat.com/content/public/ubi/dist/ubi9/9/aarch64/baseos/os/Packages/g/glibc-2.34-274.el9_8.aarch64.rpm
    repoid: ubi-9-for-aarch64-baseos-rpms
    size: 1813548
    checksum: sha256:0d52ce006fc399127ea7da1f2acfeed702b48ba75f5d1567491be35e1d620b09
    name: glibc
    evr: 2.34-274.el9_8
    sourcerpm: glibc-2.34-274.el9_8.src.rpm
  - url: https://cdn-ubi.redhat.com/content/public/ubi/dist/ubi9/9/aarch64/baseos/os/Packages/g/glibc-common-2.34-274.el9_8.aarch64.rpm
    repoid: ubi-9-for-aarch64-baseos-rpms
    size: 312799
    checksum: sha256:86d8e468d28880e34bb92a6e99a82fa2d5946d56cf2cedbb6fd9ca0cd1f65755
    name: glibc-common
    evr: 2.34-274.el9_8
    sourcerpm: glibc-2.34-274.el9_8.src.rpm
  - url: https://cdn-ubi.redhat.com/content/public/ubi/dist/ubi9/9/aarch64/baseos/os/Packages/g/glibc-gconv-extra-2.34-274.el9_8.aarch64.rpm
    repoid: ubi-9-for-aarch64-baseos-rpms
    size: 1831242
    checksum: sha256:a205cf1cbd5e274fb8911d40d5ce2865abc64c6d3d93d69bcc78c7cecdd2798d
    name: glibc-gconv-extra
    evr: 2.34-274.el9_8
    sourcerpm: glibc-2.34-274.el9_8.src.rpm
  - url: https://cdn-ubi.redhat.com/content/public/ubi/dist/ubi9/9/aarch64/baseos/os/Packages/g/glibc-minimal-langpack-2.34-274.el9_8.aarch64.rpm
    repoid: ubi-9-for-aarch64-baseos-rpms
    size: 30937
    checksum: sha256:33a17677cc85823259a2ddd3f24887117dc95d7a9ec0af64640df6ab26ddc094
    name: glibc-minimal-langpack
    evr: 2.34-274.el9_8
    sourcerpm: glibc-2.34-274.el9_8.src.rpm
  - url: https://cdn-ubi.redhat.com/content/public/ubi/dist/ubi9/9/aarch64/baseos/os/Packages/l/libacl-2.4.0-1.el9_8.aarch64.rpm
    repoid: ubi-9-for-aarch64-baseos-rpms
    size: 31468
    checksum: sha256:70ba010505e9805254f772c3dd9cd9e6176fc9e007e8c9be7204c44f85d8bbd2
    name: libacl
    evr: 2.4.0-1.el9_8
    sourcerpm: acl-2.4.0-1.el9_8.src.rpm
  - url: https://cdn-ubi.redhat.com/content/public/ubi/dist/ubi9/9/aarch64/baseos/os/Packages/l/libgcc-11.5.0-14.el9.aarch64.rpm
    repoid: ubi-9-for-aarch64-baseos-rpms
    size: 81211
    checksum: sha256:6923218fdef581189a4b51c7ba158083597f1c6df08cae021a1d90e9d61938a9
    name: libgcc
    evr: 11.5.0-14.el9
    sourcerpm: gcc-11.5.0-14.el9.src.rpm
  - url: https://cdn-ubi.redhat.com/content/public/ubi/dist/ubi9/9/aarch64/baseos/os/Packages/l/libgomp-11.5.0-14.el9.aarch64.rpm
    repoid: ubi-9-for-aarch64-baseos-rpms
    size: 262138
    checksum: sha256:c8b3788fee442304e4158c802ff413df27d394b82f19c0f34ff43b5d3760470c
    name: libgomp
    evr: 11.5.0-14.el9
    sourcerpm: gcc-11.5.0-14.el9.src.rpm
  - url: https://cdn-ubi.redhat.com/content/public/ubi/dist/ubi9/9/aarch64/baseos/os/Packages/l/libstdc++-11.5.0-14.el9.aarch64.rpm
    repoid: ubi-9-for-aarch64-baseos-rpms
    size: 723913
    checksum: sha256:ae00c5009a2ee4682ec732cde66d3f4fcfc1a7099ba7b3701767d1748a4f2683
    name: libstdc++
    evr: 11.5.0-14.el9
    sourcerpm: gcc-11.5.0-14.el9.src.rpm
  - url: https://cdn-ubi.redhat.com/content/public/ubi/dist/ubi9/9/aarch64/baseos/os/Packages/l/libunistring-0.9.10-15.el9.aarch64.rpm
    repoid: ubi-9-for-aarch64-baseos-rpms
    size: 503151
    checksum: sha256:f68934935fc209e7c595c5619df75f822cc832803e3ea6de2c92e3b91b4d5008
    name: libunistring
    evr: 0.9.10-15.el9
    sourcerpm: libunistring-0.9.10-15.el9.src.rpm
  - url: https://cdn-ubi.redhat.com/content/public/ubi/dist/ubi9/9/aarch64/baseos/os/Packages/l/libxml2-2.9.13-14.el9_8.2.aarch64.rpm
    repoid: ubi-9-for-aarch64-baseos-rpms
    size: 754623
    checksum: sha256:e78f201e1cbab2bbce30991a1618f3b79d8afc9ef8bb9bf41046e314c5f30f0e
    name: libxml2
    evr: 2.9.13-14.el9_8.2
    sourcerpm: libxml2-2.9.13-14.el9_8.2.src.rpm
  - url: https://cdn-ubi.redhat.com/content/public/ubi/dist/ubi9/9/aarch64/baseos/os/Packages/m/make-4.3-8.el9.aarch64.rpm
    repoid: ubi-9-for-aarch64-baseos-rpms
    size: 550249
    checksum: sha256:351a22b0e6744bd329b1b0f22d9c3b69a6da970b575e6c76190cc84b0fe77450
    name: make
    evr: 1:4.3-8.el9
    sourcerpm: make-4.3-8.el9.src.rpm
  - url: https://cdn-ubi.redhat.com/content/public/ubi/dist/ubi9/9/aarch64/baseos/os/Packages/n/ncurses-base-6.2-12.20210508.el9.noarch.rpm
    repoid: ubi-9-for-aarch64-baseos-rpms
    size: 97840
    checksum: sha256:d62dfd41f9688efa2cf1ceedb96084c63e297fbdcfd1e72bc6757c730092b60c
    name: ncurses-base
    evr: 6.2-12.20210508.el9
    sourcerpm: ncurses-6.2-12.20210508.el9.src.rpm
  - url: https://cdn-ubi.redhat.com/content/public/ubi/dist/ubi9/9/aarch64/baseos/os/Packages/n/ncurses-libs-6.2-12.20210508.el9.aarch64.rpm
    repoid: ubi-9-for-aarch64-baseos-rpms
    size: 324624
    checksum: sha256:b5dd452392d2f97bb050c9f5e5376998652c567dcbd8f035d26659b1b551b5c9
    name: ncurses-libs
    evr: 6.2-12.20210508.el9
    sourcerpm: ncurses-6.2-12.20210508.el9.src.rpm
  - url: https://cdn-ubi.redhat.com/content/public/ubi/dist/ubi9/9/aarch64/baseos/os/Packages/r/redhat-release-9.8-1.0.el9.aarch64.rpm
    repoid: ubi-9-for-aarch64-baseos-rpms
    size: 61683
    checksum: sha256:fa7f1d93927c7f8c6f6563a8d221af659074f026e4b12cd74d456b0db1878164
    name: redhat-release
    evr: 9.8-1.0.el9
    sourcerpm: redhat-release-9.8-1.0.el9.src.rpm
  - url: https://cdn-ubi.redhat.com/content/public/ubi/dist/ubi9/9/aarch64/baseos/os/Packages/s/setup-2.13.7-10.el9.noarch.rpm
    repoid: ubi-9-for-aarch64-baseos-rpms
    size: 153791
    checksum: sha256:0891d395ce067121c28932534237ad1ce231f2bfa987411ad62e73a12d11eb6a
    name: setup
    evr: 2.13.7-10.el9
    sourcerpm: setup-2.13.7-10.el9.src.rpm
  - url: https://cdn-ubi.redhat.com/content/public/ubi/dist/ubi9/9/aarch64/baseos/os/Packages/t/tzdata-2026b-1.el9.noarch.rpm
    repoid: ubi-9-for-aarch64-baseos-rpms
    size: 933841
    checksum: sha256:09908fa480ac8a56488cde728503cd47a01ed0b717ee00b4233d386784f62793
    name: tzdata
    evr: 2026b-1.el9
    sourcerpm: tzdata-2026b-1.el9.src.rpm
  - url: https://cdn-ubi.redhat.com/content/public/ubi/dist/ubi9/9/aarch64/baseos/os/Packages/x/xz-libs-5.2.5-8.el9_0.aarch64.rpm
    repoid: ubi-9-for-aarch64-baseos-rpms
    size: 94569
    checksum: sha256:06931afb372ed4a6893e51558beaa6b0eab7adda0af93456fd99a081a8b80779
    name: xz-libs
    evr: 5.2.5-8.el9_0
    sourcerpm: xz-5.2.5-8.el9_0.src.rpm
  - url: https://cdn-ubi.redhat.com/content/public/ubi/dist/ubi9/9/aarch64/baseos/os/Packages/z/zlib-1.2.11-40.el9.aarch64.rpm
    repoid: ubi-9-for-aarch64-baseos-rpms
    size: 94454
    checksum: sha256:2e7f193e67235130c10f5579c2d2ec92e22e4098b6d12fb2855d93b1540c60f7
    name: zlib
    evr: 1.2.11-40.el9
    sourcerpm: zlib-1.2.11-40.el9.src.rpm
  source: []
  module_metadata: []
- arch: ppc64le
  packages: []
  source: []
  module_metadata: []
- arch: s390x
  packages: []
  source: []
  module_metadata: []
- arch: x86_64
  packages: []
  source: []
  module_metadata: []
